// !$*UTF8*$!
{
	archiveVersion = 1;
	classes = {
	};
	objectVersion = 46;
	objects = {

/* Begin PBXBuildFile section */
		62BBB63F1F4E69A0009FC1CE /* ee_035@2x.gif in Resources */ = {isa = PBXBuildFile; fileRef = 62BBB63E1F4E69A0009FC1CE /* ee_035@2x.gif */; };
		62BBB6421F4E69F6009FC1CE /* UIImage+GGImage.m in Sources */ = {isa = PBXBuildFile; fileRef = 62BBB6411F4E69F6009FC1CE /* UIImage+GGImage.m */; };
		62CF0F361F43D43000102972 /* main.m in Sources */ = {isa = PBXBuildFile; fileRef = 62CF0F351F43D43000102972 /* main.m */; };
		62CF0F391F43D43000102972 /* AppDelegate.m in Sources */ = {isa = PBXBuildFile; fileRef = 62CF0F381F43D43000102972 /* AppDelegate.m */; };
		62CF0F411F43D43000102972 /* Assets.xcassets in Resources */ = {isa = PBXBuildFile; fileRef = 62CF0F401F43D43000102972 /* Assets.xcassets */; };
		62CF0F4F1F43D43000102972 /* GGATTLabelTests.m in Sources */ = {isa = PBXBuildFile; fileRef = 62CF0F4E1F43D43000102972 /* GGATTLabelTests.m */; };
		62CF0F5A1F43D43000102972 /* GGATTLabelUITests.m in Sources */ = {isa = PBXBuildFile; fileRef = 62CF0F591F43D43000102972 /* GGATTLabelUITests.m */; };
		62CF0F691F43D45500102972 /* GGATTLabel.m in Sources */ = {isa = PBXBuildFile; fileRef = 62CF0F681F43D45500102972 /* GGATTLabel.m */; };
		62CF0F6C1F43D46600102972 /* RootViewController.m in Sources */ = {isa = PBXBuildFile; fileRef = 62CF0F6B1F43D46600102972 /* RootViewController.m */; };
		62CF0F701F43DBC700102972 /* faceMap_ch.plist in Resources */ = {isa = PBXBuildFile; fileRef = 62CF0F6F1F43DBC700102972 /* faceMap_ch.plist */; };
/* End PBXBuildFile section */

/* Begin PBXContainerItemProxy section */
		62CF0F4B1F43D43000102972 /* PBXContainerItemProxy */ = {
			isa = PBXContainerItemProxy;
			containerPortal = 62CF0F291F43D43000102972 /* Project object */;
			proxyType = 1;
			remoteGlobalIDString = 62CF0F301F43D43000102972;
			remoteInfo = GGATTLabel;
		};
		62CF0F561F43D43000102972 /* PBXContainerItemProxy */ = {
			isa = PBXContainerItemProxy;
			containerPortal = 62CF0F291F43D43000102972 /* Project object */;
			proxyType = 1;
			remoteGlobalIDString = 62CF0F301F43D43000102972;
			remoteInfo = GGATTLabel;
		};
/* End PBXContainerItemProxy section */

/* Begin PBXFileReference section */
		62BBB63E1F4E69A0009FC1CE /* ee_035@2x.gif */ = {isa = PBXFileReference; lastKnownFileType = image.gif; path = "ee_035@2x.gif"; sourceTree = "<group>"; };
		62BBB6401F4E69F6009FC1CE /* UIImage+GGImage.h */ = {isa = PBXFileReference; fileEncoding = 4; lastKnownFileType = sourcecode.c.h; path = "UIImage+GGImage.h"; sourceTree = "<group>"; };
		62BBB6411F4E69F6009FC1CE /* UIImage+GGImage.m */ = {isa = PBXFileReference; fileEncoding = 4; lastKnownFileType = sourcecode.c.objc; path = "UIImage+GGImage.m"; sourceTree = "<group>"; };
		62CF0F311F43D43000102972 /* GGATTLabel.app */ = {isa = PBXFileReference; explicitFileType = wrapper.application; includeInIndex = 0; path = GGATTLabel.app; sourceTree = BUILT_PRODUCTS_DIR; };
		62CF0F351F43D43000102972 /* main.m */ = {isa = PBXFileReference; lastKnownFileType = sourcecode.c.objc; path = main.m; sourceTree = "<group>"; };
		62CF0F371F43D43000102972 /* AppDelegate.h */ = {isa = PBXFileReference; lastKnownFileType = sourcecode.c.h; path = AppDelegate.h; sourceTree = "<group>"; };
		62CF0F381F43D43000102972 /* AppDelegate.m */ = {isa = PBXFileReference; lastKnownFileType = sourcecode.c.objc; path = AppDelegate.m; sourceTree = "<group>"; };
		62CF0F401F43D43000102972 /* Assets.xcassets */ = {isa = PBXFileReference; lastKnownFileType = folder.assetcatalog; path = Assets.xcassets; sourceTree = "<group>"; };
		62CF0F451F43D43000102972 /* Info.plist */ = {isa = PBXFileReference; lastKnownFileType = text.plist.xml; path = Info.plist; sourceTree = "<group>"; };
		62CF0F4A1F43D43000102972 /* GGATTLabelTests.xctest */ = {isa = PBXFileReference; explicitFileType = wrapper.cfbundle; includeInIndex = 0; path = GGATTLabelTests.xctest; sourceTree = BUILT_PRODUCTS_DIR; };
		62CF0F4E1F43D43000102972 /* GGATTLabelTests.m */ = {isa = PBXFileReference; lastKnownFileType = sourcecode.c.objc; path = GGATTLabelTests.m; sourceTree = "<group>"; };
		62CF0F501F43D43000102972 /* Info.plist */ = {isa = PBXFileReference; lastKnownFileType = text.plist.xml; path = Info.plist; sourceTree = "<group>"; };
		62CF0F551F43D43000102972 /* GGATTLabelUITests.xctest */ = {isa = PBXFileReference; explicitFileType = wrapper.cfbundle; includeInIndex = 0; path = GGATTLabelUITests.xctest; sourceTree = BUILT_PRODUCTS_DIR; };
		62CF0F591F43D43000102972 /* GGATTLabelUITests.m */ = {isa = PBXFileReference; lastKnownFileType = sourcecode.c.objc; path = GGATTLabelUITests.m; sourceTree = "<group>"; };
		62CF0F5B1F43D43000102972 /* Info.plist */ = {isa = PBXFileReference; lastKnownFileType = text.plist.xml; path = Info.plist; sourceTree = "<group>"; };
		62CF0F671F43D45500102972 /* GGATTLabel.h */ = {isa = PBXFileReference; fileEncoding = 4; lastKnownFileType = sourcecode.c.h; path = GGATTLabel.h; sourceTree = "<group>"; };
		62CF0F681F43D45500102972 /* GGATTLabel.m */ = {isa = PBXFileReference; fileEncoding = 4; lastKnownFileType = sourcecode.c.objc; path = GGATTLabel.m; sourceTree = "<group>"; };
		62CF0F6A1F43D46600102972 /* RootViewController.h */ = {isa = PBXFileReference; fileEncoding = 4; lastKnownFileType = sourcecode.c.h; path = RootViewController.h; sourceTree = "<group>"; };
		62CF0F6B1F43D46600102972 /* RootViewController.m */ = {isa = PBXFileReference; fileEncoding = 4; lastKnownFileType = sourcecode.c.objc; path = RootViewController.m; sourceTree = "<group>"; };
		62CF0F6F1F43DBC700102972 /* faceMap_ch.plist */ = {isa = PBXFileReference; fileEncoding = 4; lastKnownFileType = text.plist.xml; path = faceMap_ch.plist; sourceTree = "<group>"; };
/* End PBXFileReference section */

/* Begin PBXFrameworksBuildPhase section */
		62CF0F2E1F43D43000102972 /* Frameworks */ = {
			isa = PBXFrameworksBuildPhase;
			buildActionMask = 2147483647;
			files = (
			);
			runOnlyForDeploymentPostprocessing = 0;
		};
		62CF0F471F43D43000102972 /* Frameworks */ = {
			isa = PBXFrameworksBuildPhase;
			buildActionMask = 2147483647;
			files = (
			);
			runOnlyForDeploymentPostprocessing = 0;
		};
		62CF0F521F43D43000102972 /* Frameworks */ = {
			isa = PBXFrameworksBuildPhase;
			buildActionMask = 2147483647;
			files = (
			);
			runOnlyForDeploymentPostprocessing = 0;
		};
/* End PBXFrameworksBuildPhase section */

/* Begin PBXGroup section */
		62CF0F281F43D43000102972 = {
			isa = PBXGroup;
			children = (
				62BBB63E1F4E69A0009FC1CE /* ee_035@2x.gif */,
				62CF0F6F1F43DBC700102972 /* faceMap_ch.plist */,
				62CF0F331F43D43000102972 /* GGATTLabel */,
				62CF0F4D1F43D43000102972 /* GGATTLabelTests */,
				62CF0F581F43D43000102972 /* GGATTLabelUITests */,
				62CF0F321F43D43000102972 /* Products */,
			);
			sourceTree = "<group>";
		};
		62CF0F321F43D43000102972 /* Products */ = {
			isa = PBXGroup;
			children = (
				62CF0F311F43D43000102972 /* GGATTLabel.app */,
				62CF0F4A1F43D43000102972 /* GGATTLabelTests.xctest */,
				62CF0F551F43D43000102972 /* GGATTLabelUITests.xctest */,
			);
			name = Products;
			sourceTree = "<group>";
		};
		62CF0F331F43D43000102972 /* GGATTLabel */ = {
			isa = PBXGroup;
			children = (
				62BBB6401F4E69F6009FC1CE /* UIImage+GGImage.h */,
				62BBB6411F4E69F6009FC1CE /* UIImage+GGImage.m */,
				62CF0F371F43D43000102972 /* AppDelegate.h */,
				62CF0F381F43D43000102972 /* AppDelegate.m */,
				62CF0F6A1F43D46600102972 /* RootViewController.h */,
				62CF0F6B1F43D46600102972 /* RootViewController.m */,
				62CF0F671F43D45500102972 /* GGATTLabel.h */,
				62CF0F681F43D45500102972 /* GGATTLabel.m */,
				62CF0F401F43D43000102972 /* Assets.xcassets */,
				62CF0F451F43D43000102972 /* Info.plist */,
				62CF0F341F43D43000102972 /* Supporting Files */,
			);
			path = GGATTLabel;
			sourceTree = "<group>";
		};
		62CF0F341F43D43000102972 /* Supporting Files */ = {
			isa = PBXGroup;
			children = (
				62CF0F351F43D43000102972 /* main.m */,
			);
			name = "Supporting Files";
			sourceTree = "<group>";
		};
		62CF0F4D1F43D43000102972 /* GGATTLabelTests */ = {
			isa = PBXGroup;
			children = (
				62CF0F4E1F43D43000102972 /* GGATTLabelTests.m */,
				62CF0F501F43D43000102972 /* Info.plist */,
			);
			path = GGATTLabelTests;
			sourceTree = "<group>";
		};
		62CF0F581F43D43000102972 /* GGATTLabelUITests */ = {
			isa = PBXGroup;
			children = (
				62CF0F591F43D43000102972 /* GGATTLabelUITests.m */,
				62CF0F5B1F43D43000102972 /* Info.plist */,
			);
			path = GGATTLabelUITests;
			sourceTree = "<group>";
		};
/* End PBXGroup section */

/* Begin PBXNativeTarget section */
		62CF0F301F43D43000102972 /* GGATTLabel */ = {
			isa = PBXNativeTarget;
			buildConfigurationList = 62CF0F5E1F43D43000102972 /* Build configuration list for PBXNativeTarget "GGATTLabel" */;
			buildPhases = (
				62CF0F2D1F43D43000102972 /* Sources */,
				62CF0F2E1F43D43000102972 /* Frameworks */,
				62CF0F2F1F43D43000102972 /* Resources */,
			);
			buildRules = (
			);
			dependencies = (
			);
			name = GGATTLabel;
			productName = GGATTLabel;
			productReference = 62CF0F311F43D43000102972 /* GGATTLabel.app */;
			productType = "com.apple.product-type.application";
		};
		62CF0F491F43D43000102972 /* GGATTLabelTests */ = {
			isa = PBXNativeTarget;
			buildConfigurationList = 62CF0F611F43D43000102972 /* Build configuration list for PBXNativeTarget "GGATTLabelTests" */;
			buildPhases = (
				62CF0F461F43D43000102972 /* Sources */,
				62CF0F471F43D43000102972 /* Frameworks */,
				62CF0F481F43D43000102972 /* Resources */,
			);
			buildRules = (
			);
			dependencies = (
				62CF0F4C1F43D43000102972 /* PBXTargetDependency */,
			);
			name = GGATTLabelTests;
			productName = GGATTLabelTests;
			productReference = 62CF0F4A1F43D43000102972 /* GGATTLabelTests.xctest */;
			productType = "com.apple.product-type.bundle.unit-test";
		};
		62CF0F541F43D43000102972 /* GGATTLabelUITests */ = {
			isa = PBXNativeTarget;
			buildConfigurationList = 62CF0F641F43D43000102972 /* Build configuration list for PBXNativeTarget "GGATTLabelUITests" */;
			buildPhases = (
				62CF0F511F43D43000102972 /* Sources */,
				62CF0F521F43D43000102972 /* Frameworks */,
				62CF0F531F43D43000102972 /* Resources */,
			);
			buildRules = (
			);
			dependencies = (
				62CF0F571F43D43000102972 /* PBXTargetDependency */,
			);
			name = GGATTLabelUITests;
			productName = GGATTLabelUITests;
			productReference = 62CF0F551F43D43000102972 /* GGATTLabelUITests.xctest */;
			productType = "com.apple.product-type.bundle.ui-testing";
		};
/* End PBXNativeTarget section */

/* Begin PBXProject section */
		62CF0F291F43D43000102972 /* Project object */ = {
			isa = PBXProject;
			attributes = {
				LastUpgradeCheck = 0830;
				ORGANIZATIONNAME = "高鹏";
				TargetAttributes = {
					62CF0F301F43D43000102972 = {
						CreatedOnToolsVersion = 8.3.3;
						DevelopmentTeam = DFYEDK2R73;
						ProvisioningStyle = Automatic;
					};
					62CF0F491F43D43000102972 = {
						CreatedOnToolsVersion = 8.3.3;
						DevelopmentTeam = DFYEDK2R73;
						ProvisioningStyle = Automatic;
						TestTargetID = 62CF0F301F43D43000102972;
					};
					62CF0F541F43D43000102972 = {
						CreatedOnToolsVersion = 8.3.3;
						DevelopmentTeam = DFYEDK2R73;
						ProvisioningStyle = Automatic;
						TestTargetID = 62CF0F301F43D43000102972;
					};
				};
			};
			buildConfigurationList = 62CF0F2C1F43D43000102972 /* Build configuration list for PBXProject "GGATTLabel" */;
			compatibilityVersion = "Xcode 3.2";
			developmentRegion = English;
			hasScannedForEncodings = 0;
			knownRegions = (
				en,
				Base,
			);
			mainGroup = 62CF0F281F43D43000102972;
			productRefGroup = 62CF0F321F43D43000102972 /* Products */;
			projectDirPath = "";
			projectRoot = "";
			targets = (
				62CF0F301F43D43000102972 /* GGATTLabel */,
				62CF0F491F43D43000102972 /* GGATTLabelTests */,
				62CF0F541F43D43000102972 /* GGATTLabelUITests */,
			);
		};
/* End PBXProject section */

/* Begin PBXResourcesBuildPhase section */
		62CF0F2F1F43D43000102972 /* Resources */ = {
			isa = PBXResourcesBuildPhase;
			buildActionMask = 2147483647;
			files = (
				62CF0F411F43D43000102972 /* Assets.xcassets in Resources */,
				62BBB63F1F4E69A0009FC1CE /* ee_035@2x.gif in Resources */,
				62CF0F701F43DBC700102972 /* faceMap_ch.plist in Resources */,
			);
			runOnlyForDeploymentPostprocessing = 0;
		};
		62CF0F481F43D43000102972 /* Resources */ = {
			isa = PBXResourcesBuildPhase;
			buildActionMask = 2147483647;
			files = (
			);
			runOnlyForDeploymentPostprocessing = 0;
		};
		62CF0F531F43D43000102972 /* Resources */ = {
			isa = PBXResourcesBuildPhase;
			buildActionMask = 2147483647;
			files = (
			);
			runOnlyForDeploymentPostprocessing = 0;
		};
/* End PBXResourcesBuildPhase section */

/* Begin PBXSourcesBuildPhase section */
		62CF0F2D1F43D43000102972 /* Sources */ = {
			isa = PBXSourcesBuildPhase;
			buildActionMask = 2147483647;
			files = (
				62BBB6421F4E69F6009FC1CE /* UIImage+GGImage.m in Sources */,
				62CF0F691F43D45500102972 /* GGATTLabel.m in Sources */,
				62CF0F391F43D43000102972 /* AppDelegate.m in Sources */,
				62CF0F6C1F43D46600102972 /* RootViewController.m in Sources */,
				62CF0F361F43D43000102972 /* main.m in Sources */,
			);
			runOnlyForDeploymentPostprocessing = 0;
		};
		62CF0F461F43D43000102972 /* Sources */ = {
			isa = PBXSourcesBuildPhase;
			buildActionMask = 2147483647;
			files = (
				62CF0F4F1F43D43000102972 /* GGATTLabelTests.m in Sources */,
			);
			runOnlyForDeploymentPostprocessing = 0;
		};
		62CF0F511F43D43000102972 /* Sources */ = {
			isa = PBXSourcesBuildPhase;
			buildActionMask = 2147483647;
			files = (
				62CF0F5A1F43D43000102972 /* GGATTLabelUITests.m in Sources */,
			);
			runOnlyForDeploymentPostprocessing = 0;
		};
/* End PBXSourcesBuildPhase section */

/* Begin PBXTargetDependency section */
		62CF0F4C1F43D43000102972 /* PBXTargetDependency */ = {
			isa = PBXTargetDependency;
			target = 62CF0F301F43D43000102972 /* GGATTLabel */;
			targetProxy = 62CF0F4B1F43D43000102972 /* PBXContainerItemProxy */;
		};
		62CF0F571F43D43000102972 /* PBXTargetDependency */ = {
			isa = PBXTargetDependency;
			target = 62CF0F301F43D43000102972 /* GGATTLabel */;
			targetProxy = 62CF0F561F43D43000102972 /* PBXContainerItemProxy */;
		};
/* End PBXTargetDependency section */

/* Begin XCBuildConfiguration section */
		62CF0F5C1F43D43000102972 /* Debug */ = {
			isa = XCBuildConfiguration;
			buildSettings = {
				ALWAYS_SEARCH_USER_PATHS = NO;
				CLANG_ANALYZER_NONNULL = YES;
				CLANG_ANALYZER_NUMBER_OBJECT_CONVERSION = YES_AGGRESSIVE;
				CLANG_CXX_LANGUAGE_STANDARD = "gnu++0x";
				CLANG_CXX_LIBRARY = "libc++";
				CLANG_ENABLE_MODULES = YES;
				CLANG_ENABLE_OBJC_ARC = YES;
				CLANG_WARN_BOOL_CONVERSION = YES;
				CLANG_WARN_CONSTANT_CONVERSION = YES;
				CLANG_WARN_DIRECT_OBJC_ISA_USAGE = YES_ERROR;
				CLANG_WARN_DOCUMENTATION_COMMENTS = YES;
				CLANG_WARN_EMPTY_BODY = YES;
				CLANG_WARN_ENUM_CONVERSION = YES;
				CLANG_WARN_INFINITE_RECURSION = YES;
				CLANG_WARN_INT_CONVERSION = YES;
				CLANG_WARN_OBJC_ROOT_CLASS = YES_ERROR;
				CLANG_WARN_SUSPICIOUS_MOVE = YES;
				CLANG_WARN_UNREACHABLE_CODE = YES;
				CLANG_WARN__DUPLICATE_METHOD_MATCH = YES;
				"CODE_SIGN_IDENTITY[sdk=iphoneos*]" = "iPhone Developer";
				COPY_PHASE_STRIP = NO;
				DEBUG_INFORMATION_FORMAT = dwarf;
				ENABLE_STRICT_OBJC_MSGSEND = YES;
				ENABLE_TESTABILITY = YES;
				GCC_C_LANGUAGE_STANDARD = gnu99;
				GCC_DYNAMIC_NO_PIC = NO;
				GCC_NO_COMMON_BLOCKS = YES;
				GCC_OPTIMIZATION_LEVEL = 0;
				GCC_PREPROCESSOR_DEFINITIONS = (
					"DEBUG=1",
					"$(inherited)",
				);
				GCC_WARN_64_TO_32_BIT_CONVERSION = YES;
				GCC_WARN_ABOUT_RETURN_TYPE = YES_ERROR;
				GCC_WARN_UNDECLARED_SELECTOR = YES;
				GCC_WARN_UNINITIALIZED_AUTOS = YES_AGGRESSIVE;
				GCC_WARN_UNUSED_FUNCTION = YES;
				GCC_WARN_UNUSED_VARIABLE = YES;
				IPHONEOS_DEPLOYMENT_TARGET = 10.3;
				MTL_ENABLE_DEBUG_INFO = YES;
				ONLY_ACTIVE_ARCH = YES;
				SDKROOT = iphoneos;
				TARGETED_DEVICE_FAMILY = "1,2";
			};
			name = Debug;
		};
		62CF0F5D1F43D43000102972 /* Release */ = {
			isa = XCBuildConfiguration;
			buildSettings = {
				ALWAYS_SEARCH_USER_PATHS = NO;
				CLANG_ANALYZER_NONNULL = YES;
				CLANG_ANALYZER_NUMBER_OBJECT_CONVERSION = YES_AGGRESSIVE;
				CLANG_CXX_LANGUAGE_STANDARD = "gnu++0x";
				CLANG_CXX_LIBRARY = "libc++";
				CLANG_ENABLE_MODULES = YES;
				CLANG_ENABLE_OBJC_ARC = YES;
				CLANG_WARN_BOOL_CONVERSION = YES;
				CLANG_WARN_CONSTANT_CONVERSION = YES;
				CLANG_WARN_DIRECT_OBJC_ISA_USAGE = YES_ERROR;
				CLANG_WARN_DOCUMENTATION_COMMENTS = YES;
				CLANG_WARN_EMPTY_BODY = YES;
				CLANG_WARN_ENUM_CONVERSION = YES;
				CLANG_WARN_INFINITE_RECURSION = YES;
				CLANG_WARN_INT_CONVERSION = YES;
				CLANG_WARN_OBJC_ROOT_CLASS = YES_ERROR;
				CLANG_WARN_SUSPICIOUS_MOVE = YES;
				CLANG_WARN_UNREACHABLE_CODE = YES;
				CLANG_WARN__DUPLICATE_METHOD_MATCH = YES;
				"CODE_SIGN_IDENTITY[sdk=iphoneos*]" = "iPhone Developer";
				COPY_PHASE_STRIP = NO;
				DEBUG_INFORMATION_FORMAT = "dwarf-with-dsym";
				ENABLE_NS_ASSERTIONS = NO;
				ENABLE_STRICT_OBJC_MSGSEND = YES;
				GCC_C_LANGUAGE_STANDARD = gnu99;
				GCC_NO_COMMON_BLOCKS = YES;
				GCC_WARN_64_TO_32_BIT_CONVERSION = YES;
				GCC_WARN_ABOUT_RETURN_TYPE = YES_ERROR;
				GCC_WARN_UNDECLARED_SELECTOR = YES;
				GCC_WARN_UNINITIALIZED_AUTOS = YES_AGGRESSIVE;
				GCC_WARN_UNUSED_FUNCTION = YES;
				GCC_WARN_UNUSED_VARIABLE = YES;
				IPHONEOS_DEPLOYMENT_TARGET = 10.3;
				MTL_ENABLE_DEBUG_INFO = NO;
				SDKROOT = iphoneos;
				TARGETED_DEVICE_FAMILY = "1,2";
				VALIDATE_PRODUCT = YES;
			};
			name = Release;
		};
		62CF0F5F1F43D43000102972 /* Debug */ = {
			isa = XCBuildConfiguration;
			buildSettings = {
				ASSETCATALOG_COMPILER_APPICON_NAME = AppIcon;
				ASSETCATALOG_COMPILER_LAUNCHIMAGE_NAME = LaunchImage;
				DEVELOPMENT_TEAM = DFYEDK2R73;
				INFOPLIST_FILE = GGATTLabel/Info.plist;
				LD_RUNPATH_SEARCH_PATHS = "$(inherited) @executable_path/Frameworks";
				PRODUCT_BUNDLE_IDENTIFIER = GP.GGATTLabel;
				PRODUCT_NAME = "$(TARGET_NAME)";
			};
			name = Debug;
		};
		62CF0F601F43D43000102972 /* Release */ = {
			isa = XCBuildConfiguration;
			buildSettings = {
				ASSETCATALOG_COMPILER_APPICON_NAME = AppIcon;
				ASSETCATALOG_COMPILER_LAUNCHIMAGE_NAME = LaunchImage;
				DEVELOPMENT_TEAM = DFYEDK2R73;
				INFOPLIST_FILE = GGATTLabel/Info.plist;
				LD_RUNPATH_SEARCH_PATHS = "$(inherited) @executable_path/Frameworks";
				PRODUCT_BUNDLE_IDENTIFIER = GP.GGATTLabel;
				PRODUCT_NAME = "$(TARGET_NAME)";
			};
			name = Release;
		};
		62CF0F621F43D43000102972 /* Debug */ = {
			isa = XCBuildConfiguration;
			buildSettings = {
				BUNDLE_LOADER = "$(TEST_HOST)";
				DEVELOPMENT_TEAM = DFYEDK2R73;
				INFOPLIST_FILE = GGATTLabelTests/Info.plist;
				LD_RUNPATH_SEARCH_PATHS = "$(inherited) @executable_path/Frameworks @loader_path/Frameworks";
				PRODUCT_BUNDLE_IDENTIFIER = GP.GGATTLabelTests;
				PRODUCT_NAME = "$(TARGET_NAME)";
				TEST_HOST = "$(BUILT_PRODUCTS_DIR)/GGATTLabel.app/GGATTLabel";
			};
			name = Debug;
		};
		62CF0F631F43D43000102972 /* Release */ = {
			isa = XCBuildConfiguration;
			buildSettings = {
				BUNDLE_LOADER = "$(TEST_HOST)";
				DEVELOPMENT_TEAM = DFYEDK2R73;
				INFOPLIST_FILE = GGATTLabelTests/Info.plist;
				LD_RUNPATH_SEARCH_PATHS = "$(inherited) @executable_path/Frameworks @loader_path/Frameworks";
				PRODUCT_BUNDLE_IDENTIFIER = GP.GGATTLabelTests;
				PRODUCT_NAME = "$(TARGET_NAME)";
				TEST_HOST = "$(BUILT_PRODUCTS_DIR)/GGATTLabel.app/GGATTLabel";
			};
			name = Release;
		};
		62CF0F651F43D43000102972 /* Debug */ = {
			isa = XCBuildConfiguration;
			buildSettings = {
				DEVELOPMENT_TEAM = DFYEDK2R73;
				INFOPLIST_FILE = GGATTLabelUITests/Info.plist;
				LD_RUNPATH_SEARCH_PATHS = "$(inherited) @executable_path/Frameworks @loader_path/Frameworks";
				PRODUCT_BUNDLE_IDENTIFIER = GP.GGATTLabelUITests;
				PRODUCT_NAME = "$(TARGET_NAME)";
				TEST_TARGET_NAME = GGATTLabel;
			};
			name = Debug;
		};
		62CF0F661F43D43000102972 /* Release */ = {
			isa = XCBuildConfiguration;
			buildSettings = {
				DEVELOPMENT_TEAM = DFYEDK2R73;
				INFOPLIST_FILE = GGATTLabelUITests/Info.plist;
				LD_RUNPATH_SEARCH_PATHS = "$(inherited) @executable_path/Frameworks @loader_path/Frameworks";
				PRODUCT_BUNDLE_IDENTIFIER = GP.GGATTLabelUITests;
				PRODUCT_NAME = "$(TARGET_NAME)";
				TEST_TARGET_NAME = GGATTLabel;
			};
			name = Release;
		};
/* End XCBuildConfiguration section */

/* Begin XCConfigurationList section */
		62CF0F2C1F43D43000102972 /* Build configuration list for PBXProject "GGATTLabel" */ = {
			isa = XCConfigurationList;
			buildConfigurations = (
				62CF0F5C1F43D43000102972 /* Debug */,
				62CF0F5D1F43D43000102972 /* Release */,
			);
			defaultConfigurationIsVisible = 0;
			defaultConfigurationName = Release;
		};
		62CF0F5E1F43D43000102972 /* Build configuration list for PBXNativeTarget "GGATTLabel" */ = {
			isa = XCConfigurationList;
			buildConfigurations = (
				62CF0F5F1F43D43000102972 /* Debug */,
				62CF0F601F43D43000102972 /* Release */,
			);
			defaultConfigurationIsVisible = 0;
			defaultConfigurationName = Release;
		};
		62CF0F611F43D43000102972 /* Build configuration list for PBXNativeTarget "GGATTLabelTests" */ = {
			isa = XCConfigurationList;
			buildConfigurations = (
				62CF0F621F43D43000102972 /* Debug */,
				62CF0F631F43D43000102972 /* Release */,
			);
			defaultConfigurationIsVisible = 0;
			defaultConfigurationName = Release;
		};
		62CF0F641F43D43000102972 /* Build configuration list for PBXNativeTarget "GGATTLabelUITests" */ = {
			isa = XCConfigurationList;
			buildConfigurations = (
				62CF0F651F43D43000102972 /* Debug */,
				62CF0F661F43D43000102972 /* Release */,
			);
			defaultConfigurationIsVisible = 0;
			defaultConfigurationName = Release;
		};
/* End XCConfigurationList section */
	};
	rootObject = 62CF0F291F43D43000102972 /* Project object */;
}
